// !$*UTF8*$!
{
	archiveVersion = 1;
	classes = {
	};
	objectVersion = 48;
	objects = {

/* Begin PBXBuildFile section */
		4219C40A20ABC175000E9E21 /* MyTableViewCellForLog.swift in Sources */ = {isa = PBXBuildFile; fileRef = 4219C40920ABC175000E9E21 /* MyTableViewCellForLog.swift */; };
		4219C40C20ABC536000E9E21 /* MyTableViewCellForTaskname.swift in Sources */ = {isa = PBXBuildFile; fileRef = 4219C40B20ABC536000E9E21 /* MyTableViewCellForTaskname.swift */; };
		423621D0209146D00005E038 /* AppDelegate.swift in Sources */ = {isa = PBXBuildFile; fileRef = 423621CF209146D00005E038 /* AppDelegate.swift */; };
		423621D2209146D00005E038 /* MasterViewController.swift in Sources */ = {isa = PBXBuildFile; fileRef = 423621D1209146D00005E038 /* MasterViewController.swift */; };
		423621D7209146D00005E038 /* Main.storyboard in Resources */ = {isa = PBXBuildFile; fileRef = 423621D5209146D00005E038 /* Main.storyboard */; };
		423621D9209146D00005E038 /* Assets.xcassets in Resources */ = {isa = PBXBuildFile; fileRef = 423621D8209146D00005E038 /* Assets.xcassets */; };
		423621DC209146D00005E038 /* LaunchScreen.storyboard in Resources */ = {isa = PBXBuildFile; fileRef = 423621DA209146D00005E038 /* LaunchScreen.storyboard */; };
		423621E7209146D00005E038 /* CollaborationTests.swift in Sources */ = {isa = PBXBuildFile; fileRef = 423621E6209146D00005E038 /* CollaborationTests.swift */; };
		423621F2209146D00005E038 /* CollaborationUITests.swift in Sources */ = {isa = PBXBuildFile; fileRef = 423621F1209146D00005E038 /* CollaborationUITests.swift */; };
		4236220020914D990005E038 /* DetailViewController.swift in Sources */ = {isa = PBXBuildFile; fileRef = 423621FF20914D990005E038 /* DetailViewController.swift */; };
		4236227C20916F670005E038 /* TaskListProtocol.swift in Sources */ = {isa = PBXBuildFile; fileRef = 4236227B20916F670005E038 /* TaskListProtocol.swift */; };
		4236227E2091702B0005E038 /* Task.swift in Sources */ = {isa = PBXBuildFile; fileRef = 4236227D2091702B0005E038 /* Task.swift */; };
		4288586920B3B01A00CE649B /* Task_Json.swift in Sources */ = {isa = PBXBuildFile; fileRef = 4288586820B3B01A00CE649B /* Task_Json.swift */; };
		42A0924920B2465500BBA917 /* PeerToPeer.swift in Sources */ = {isa = PBXBuildFile; fileRef = 42A0924820B2465500BBA917 /* PeerToPeer.swift */; };
		42A0924B20B25DE300BBA917 /* ChatView.swift in Sources */ = {isa = PBXBuildFile; fileRef = 42A0924A20B25DE300BBA917 /* ChatView.swift */; };
/* End PBXBuildFile section */

/* Begin PBXContainerItemProxy section */
		423621E3209146D00005E038 /* PBXContainerItemProxy */ = {
			isa = PBXContainerItemProxy;
			containerPortal = 423621C4209146D00005E038 /* Project object */;
			proxyType = 1;
			remoteGlobalIDString = 423621CB209146D00005E038;
			remoteInfo = Collaboration;
		};
		423621EE209146D00005E038 /* PBXContainerItemProxy */ = {
			isa = PBXContainerItemProxy;
			containerPortal = 423621C4209146D00005E038 /* Project object */;
			proxyType = 1;
			remoteGlobalIDString = 423621CB209146D00005E038;
			remoteInfo = Collaboration;
		};
/* End PBXContainerItemProxy section */

/* Begin PBXFileReference section */
		4219C40920ABC175000E9E21 /* MyTableViewCellForLog.swift */ = {isa = PBXFileReference; lastKnownFileType = sourcecode.swift; path = MyTableViewCellForLog.swift; sourceTree = "<group>"; };
		4219C40B20ABC536000E9E21 /* MyTableViewCellForTaskname.swift */ = {isa = PBXFileReference; lastKnownFileType = sourcecode.swift; path = MyTableViewCellForTaskname.swift; sourceTree = "<group>"; };
		423621CC209146D00005E038 /* Collaboration.app */ = {isa = PBXFileReference; explicitFileType = wrapper.application; includeInIndex = 0; path = Collaboration.app; sourceTree = BUILT_PRODUCTS_DIR; };
		423621CF209146D00005E038 /* AppDelegate.swift */ = {isa = PBXFileReference; lastKnownFileType = sourcecode.swift; path = AppDelegate.swift; sourceTree = "<group>"; };
		423621D1209146D00005E038 /* MasterViewController.swift */ = {isa = PBXFileReference; lastKnownFileType = sourcecode.swift; path = MasterViewController.swift; sourceTree = "<group>"; };
		423621D6209146D00005E038 /* Base */ = {isa = PBXFileReference; lastKnownFileType = file.storyboard; name = Base; path = Base.lproj/Main.storyboard; sourceTree = "<group>"; };
		423621D8209146D00005E038 /* Assets.xcassets */ = {isa = PBXFileReference; lastKnownFileType = folder.assetcatalog; path = Assets.xcassets; sourceTree = "<group>"; };
		423621DB209146D00005E038 /* Base */ = {isa = PBXFileReference; lastKnownFileType = file.storyboard; name = Base; path = Base.lproj/LaunchScreen.storyboard; sourceTree = "<group>"; };
		423621DD209146D00005E038 /* Info.plist */ = {isa = PBXFileReference; lastKnownFileType = text.plist.xml; path = Info.plist; sourceTree = "<group>"; };
		423621E2209146D00005E038 /* CollaborationTests.xctest */ = {isa = PBXFileReference; explicitFileType = wrapper.cfbundle; includeInIndex = 0; path = CollaborationTests.xctest; sourceTree = BUILT_PRODUCTS_DIR; };
		423621E6209146D00005E038 /* CollaborationTests.swift */ = {isa = PBXFileReference; lastKnownFileType = sourcecode.swift; path = CollaborationTests.swift; sourceTree = "<group>"; };
		423621E8209146D00005E038 /* Info.plist */ = {isa = PBXFileReference; lastKnownFileType = text.plist.xml; path = Info.plist; sourceTree = "<group>"; };
		423621ED209146D00005E038 /* CollaborationUITests.xctest */ = {isa = PBXFileReference; explicitFileType = wrapper.cfbundle; includeInIndex = 0; path = CollaborationUITests.xctest; sourceTree = BUILT_PRODUCTS_DIR; };
		423621F1209146D00005E038 /* CollaborationUITests.swift */ = {isa = PBXFileReference; lastKnownFileType = sourcecode.swift; path = CollaborationUITests.swift; sourceTree = "<group>"; };
		423621F3209146D00005E038 /* Info.plist */ = {isa = PBXFileReference; lastKnownFileType = text.plist.xml; path = Info.plist; sourceTree = "<group>"; };
		423621FF20914D990005E038 /* DetailViewController.swift */ = {isa = PBXFileReference; lastKnownFileType = sourcecode.swift; path = DetailViewController.swift; sourceTree = "<group>"; };
		4236227B20916F670005E038 /* TaskListProtocol.swift */ = {isa = PBXFileReference; lastKnownFileType = sourcecode.swift; path = TaskListProtocol.swift; sourceTree = "<group>"; };
		4236227D2091702B0005E038 /* Task.swift */ = {isa = PBXFileReference; lastKnownFileType = sourcecode.swift; path = Task.swift; sourceTree = "<group>"; };
		4288586820B3B01A00CE649B /* Task_Json.swift */ = {isa = PBXFileReference; lastKnownFileType = sourcecode.swift; path = Task_Json.swift; sourceTree = "<group>"; };
		42A0924820B2465500BBA917 /* PeerToPeer.swift */ = {isa = PBXFileReference; lastKnownFileType = sourcecode.swift; path = PeerToPeer.swift; sourceTree = "<group>"; };
		42A0924A20B25DE300BBA917 /* ChatView.swift */ = {isa = PBXFileReference; lastKnownFileType = sourcecode.swift; path = ChatView.swift; sourceTree = "<group>"; };
/* End PBXFileReference section */

/* Begin PBXFrameworksBuildPhase section */
		423621C9209146D00005E038 /* Frameworks */ = {
			isa = PBXFrameworksBuildPhase;
			buildActionMask = 2147483647;
			files = (
			);
			runOnlyForDeploymentPostprocessing = 0;
		};
		423621DF209146D00005E038 /* Frameworks */ = {
			isa = PBXFrameworksBuildPhase;
			buildActionMask = 2147483647;
			files = (
			);
			runOnlyForDeploymentPostprocessing = 0;
		};
		423621EA209146D00005E038 /* Frameworks */ = {
			isa = PBXFrameworksBuildPhase;
			buildActionMask = 2147483647;
			files = (
			);
			runOnlyForDeploymentPostprocessing = 0;
		};
/* End PBXFrameworksBuildPhase section */

/* Begin PBXGroup section */
		423621C3209146D00005E038 = {
			isa = PBXGroup;
			children = (
				423621CE209146D00005E038 /* Collaboration */,
				423621E5209146D00005E038 /* CollaborationTests */,
				423621F0209146D00005E038 /* CollaborationUITests */,
				423621CD209146D00005E038 /* Products */,
			);
			sourceTree = "<group>";
		};
		423621CD209146D00005E038 /* Products */ = {
			isa = PBXGroup;
			children = (
				423621CC209146D00005E038 /* Collaboration.app */,
				423621E2209146D00005E038 /* CollaborationTests.xctest */,
				423621ED209146D00005E038 /* CollaborationUITests.xctest */,
			);
			name = Products;
			sourceTree = "<group>";
		};
		423621CE209146D00005E038 /* Collaboration */ = {
			isa = PBXGroup;
			children = (
				423621CF209146D00005E038 /* AppDelegate.swift */,
				423621D1209146D00005E038 /* MasterViewController.swift */,
				423621FF20914D990005E038 /* DetailViewController.swift */,
				423621D5209146D00005E038 /* Main.storyboard */,
				423621D8209146D00005E038 /* Assets.xcassets */,
				423621DA209146D00005E038 /* LaunchScreen.storyboard */,
				423621DD209146D00005E038 /* Info.plist */,
				4236227B20916F670005E038 /* TaskListProtocol.swift */,
				4236227D2091702B0005E038 /* Task.swift */,
				4219C40920ABC175000E9E21 /* MyTableViewCellForLog.swift */,
				4219C40B20ABC536000E9E21 /* MyTableViewCellForTaskname.swift */,
				42A0924820B2465500BBA917 /* PeerToPeer.swift */,
				42A0924A20B25DE300BBA917 /* ChatView.swift */,
				4288586820B3B01A00CE649B /* Task_Json.swift */,
			);
			path = Collaboration;
			sourceTree = "<group>";
		};
		423621E5209146D00005E038 /* CollaborationTests */ = {
			isa = PBXGroup;
			children = (
				423621E6209146D00005E038 /* CollaborationTests.swift */,
				423621E8209146D00005E038 /* Info.plist */,
			);
			path = CollaborationTests;
			sourceTree = "<group>";
		};
		423621F0209146D00005E038 /* CollaborationUITests */ = {
			isa = PBXGroup;
			children = (
				423621F1209146D00005E038 /* CollaborationUITests.swift */,
				423621F3209146D00005E038 /* Info.plist */,
			);
			path = CollaborationUITests;
			sourceTree = "<group>";
		};
/* End PBXGroup section */

/* Begin PBXNativeTarget section */
		423621CB209146D00005E038 /* Collaboration */ = {
			isa = PBXNativeTarget;
			buildConfigurationList = 423621F6209146D00005E038 /* Build configuration list for PBXNativeTarget "Collaboration" */;
			buildPhases = (
				423621C8209146D00005E038 /* Sources */,
				423621C9209146D00005E038 /* Frameworks */,
				423621CA209146D00005E038 /* Resources */,
			);
			buildRules = (
			);
			dependencies = (
			);
			name = Collaboration;
			productName = Collaboration;
			productReference = 423621CC209146D00005E038 /* Collaboration.app */;
			productType = "com.apple.product-type.application";
		};
		423621E1209146D00005E038 /* CollaborationTests */ = {
			isa = PBXNativeTarget;
			buildConfigurationList = 423621F9209146D00005E038 /* Build configuration list for PBXNativeTarget "CollaborationTests" */;
			buildPhases = (
				423621DE209146D00005E038 /* Sources */,
				423621DF209146D00005E038 /* Frameworks */,
				423621E0209146D00005E038 /* Resources */,
			);
			buildRules = (
			);
			dependencies = (
				423621E4209146D00005E038 /* PBXTargetDependency */,
			);
			name = CollaborationTests;
			productName = CollaborationTests;
			productReference = 423621E2209146D00005E038 /* CollaborationTests.xctest */;
			productType = "com.apple.product-type.bundle.unit-test";
		};
		423621EC209146D00005E038 /* CollaborationUITests */ = {
			isa = PBXNativeTarget;
			buildConfigurationList = 423621FC209146D00005E038 /* Build configuration list for PBXNativeTarget "CollaborationUITests" */;
			buildPhases = (
				423621E9209146D00005E038 /* Sources */,
				423621EA209146D00005E038 /* Frameworks */,
				423621EB209146D00005E038 /* Resources */,
			);
			buildRules = (
			);
			dependencies = (
				423621EF209146D00005E038 /* PBXTargetDependency */,
			);
			name = CollaborationUITests;
			productName = CollaborationUITests;
			productReference = 423621ED209146D00005E038 /* CollaborationUITests.xctest */;
			productType = "com.apple.product-type.bundle.ui-testing";
		};
/* End PBXNativeTarget section */

/* Begin PBXProject section */
		423621C4209146D00005E038 /* Project object */ = {
			isa = PBXProject;
			attributes = {
				LastSwiftUpdateCheck = 0920;
				LastUpgradeCheck = 0920;
				ORGANIZATIONNAME = "Kitti Almasy";
				TargetAttributes = {
					423621CB209146D00005E038 = {
						CreatedOnToolsVersion = 9.2;
						ProvisioningStyle = Automatic;
					};
					423621E1209146D00005E038 = {
						CreatedOnToolsVersion = 9.2;
						ProvisioningStyle = Automatic;
						TestTargetID = 423621CB209146D00005E038;
					};
					423621EC209146D00005E038 = {
						CreatedOnToolsVersion = 9.2;
						ProvisioningStyle = Automatic;
						TestTargetID = 423621CB209146D00005E038;
					};
				};
			};
			buildConfigurationList = 423621C7209146D00005E038 /* Build configuration list for PBXProject "Collaboration" */;
			compatibilityVersion = "Xcode 8.0";
			developmentRegion = en;
			hasScannedForEncodings = 0;
			knownRegions = (
				en,
				Base,
			);
			mainGroup = 423621C3209146D00005E038;
			productRefGroup = 423621CD209146D00005E038 /* Products */;
			projectDirPath = "";
			projectRoot = "";
			targets = (
				423621CB209146D00005E038 /* Collaboration */,
				423621E1209146D00005E038 /* CollaborationTests */,
				423621EC209146D00005E038 /* CollaborationUITests */,
			);
		};
/* End PBXProject section */

/* Begin PBXResourcesBuildPhase section */
		423621CA209146D00005E038 /* Resources */ = {
			isa = PBXResourcesBuildPhase;
			buildActionMask = 2147483647;
			files = (
				423621DC209146D00005E038 /* LaunchScreen.storyboard in Resources */,
				423621D9209146D00005E038 /* Assets.xcassets in Resources */,
				423621D7209146D00005E038 /* Main.storyboard in Resources */,
			);
			runOnlyForDeploymentPostprocessing = 0;
		};
		423621E0209146D00005E038 /* Resources */ = {
			isa = PBXResourcesBuildPhase;
			buildActionMask = 2147483647;
			files = (
			);
			runOnlyForDeploymentPostprocessing = 0;
		};
		423621EB209146D00005E038 /* Resources */ = {
			isa = PBXResourcesBuildPhase;
			buildActionMask = 2147483647;
			files = (
			);
			runOnlyForDeploymentPostprocessing = 0;
		};
/* End PBXResourcesBuildPhase section */

/* Begin PBXSourcesBuildPhase section */
		423621C8209146D00005E038 /* Sources */ = {
			isa = PBXSourcesBuildPhase;
			buildActionMask = 2147483647;
			files = (
				4219C40C20ABC536000E9E21 /* MyTableViewCellForTaskname.swift in Sources */,
				4236220020914D990005E038 /* DetailViewController.swift in Sources */,
				4219C40A20ABC175000E9E21 /* MyTableViewCellForLog.swift in Sources */,
				423621D2209146D00005E038 /* MasterViewController.swift in Sources */,
				42A0924B20B25DE300BBA917 /* ChatView.swift in Sources */,
				4288586920B3B01A00CE649B /* Task_Json.swift in Sources */,
				4236227E2091702B0005E038 /* Task.swift in Sources */,
				4236227C20916F670005E038 /* TaskListProtocol.swift in Sources */,
				42A0924920B2465500BBA917 /* PeerToPeer.swift in Sources */,
				423621D0209146D00005E038 /* AppDelegate.swift in Sources */,
			);
			runOnlyForDeploymentPostprocessing = 0;
		};
		423621DE209146D00005E038 /* Sources */ = {
			isa = PBXSourcesBuildPhase;
			buildActionMask = 2147483647;
			files = (
				423621E7209146D00005E038 /* CollaborationTests.swift in Sources */,
			);
			runOnlyForDeploymentPostprocessing = 0;
		};
		423621E9209146D00005E038 /* Sources */ = {
			isa = PBXSourcesBuildPhase;
			buildActionMask = 2147483647;
			files = (
				423621F2209146D00005E038 /* CollaborationUITests.swift in Sources */,
			);
			runOnlyForDeploymentPostprocessing = 0;
		};
/* End PBXSourcesBuildPhase section */

/* Begin PBXTargetDependency section */
		423621E4209146D00005E038 /* PBXTargetDependency */ = {
			isa = PBXTargetDependency;
			target = 423621CB209146D00005E038 /* Collaboration */;
			targetProxy = 423621E3209146D00005E038 /* PBXContainerItemProxy */;
		};
		423621EF209146D00005E038 /* PBXTargetDependency */ = {
			isa = PBXTargetDependency;
			target = 423621CB209146D00005E038 /* Collaboration */;
			targetProxy = 423621EE209146D00005E038 /* PBXContainerItemProxy */;
		};
/* End PBXTargetDependency section */

/* Begin PBXVariantGroup section */
		423621D5209146D00005E038 /* Main.storyboard */ = {
			isa = PBXVariantGroup;
			children = (
				423621D6209146D00005E038 /* Base */,
			);
			name = Main.storyboard;
			sourceTree = "<group>";
		};
		423621DA209146D00005E038 /* LaunchScreen.storyboard */ = {
			isa = PBXVariantGroup;
			children = (
				423621DB209146D00005E038 /* Base */,
			);
			name = LaunchScreen.storyboard;
			sourceTree = "<group>";
		};
/* End PBXVariantGroup section */

/* Begin XCBuildConfiguration section */
		423621F4209146D00005E038 /* Debug */ = {
			isa = XCBuildConfiguration;
			buildSettings = {
				ALWAYS_SEARCH_USER_PATHS = NO;
				CLANG_ANALYZER_NONNULL = YES;
				CLANG_ANALYZER_NUMBER_OBJECT_CONVERSION = YES_AGGRESSIVE;
				CLANG_CXX_LANGUAGE_STANDARD = "gnu++14";
				CLANG_CXX_LIBRARY = "libc++";
				CLANG_ENABLE_MODULES = YES;
				CLANG_ENABLE_OBJC_ARC = YES;
				CLANG_WARN_BLOCK_CAPTURE_AUTORELEASING = YES;
				CLANG_WARN_BOOL_CONVERSION = YES;
				CLANG_WARN_COMMA = YES;
				CLANG_WARN_CONSTANT_CONVERSION = YES;
				CLANG_WARN_DIRECT_OBJC_ISA_USAGE = YES_ERROR;
				CLANG_WARN_DOCUMENTATION_COMMENTS = YES;
				CLANG_WARN_EMPTY_BODY = YES;
				CLANG_WARN_ENUM_CONVERSION = YES;
				CLANG_WARN_INFINITE_RECURSION = YES;
				CLANG_WARN_INT_CONVERSION = YES;
				CLANG_WARN_NON_LITERAL_NULL_CONVERSION = YES;
				CLANG_WARN_OBJC_LITERAL_CONVERSION = YES;
				CLANG_WARN_OBJC_ROOT_CLASS = YES_ERROR;
				CLANG_WARN_RANGE_LOOP_ANALYSIS = YES;
				CLANG_WARN_STRICT_PROTOTYPES = YES;
				CLANG_WARN_SUSPICIOUS_MOVE = YES;
				CLANG_WARN_UNGUARDED_AVAILABILITY = YES_AGGRESSIVE;
				CLANG_WARN_UNREACHABLE_CODE = YES;
				CLANG_WARN__DUPLICATE_METHOD_MATCH = YES;
				CODE_SIGN_IDENTITY = "iPhone Developer";
				COPY_PHASE_STRIP = NO;
				DEBUG_INFORMATION_FORMAT = dwarf;
				ENABLE_STRICT_OBJC_MSGSEND = YES;
				ENABLE_TESTABILITY = YES;
				GCC_C_LANGUAGE_STANDARD = gnu11;
				GCC_DYNAMIC_NO_PIC = NO;
				GCC_NO_COMMON_BLOCKS = YES;
				GCC_OPTIMIZATION_LEVEL = 0;
				GCC_PREPROCESSOR_DEFINITIONS = (
					"DEBUG=1",
					"$(inherited)",
				);
				GCC_WARN_64_TO_32_BIT_CONVERSION = YES;
				GCC_WARN_ABOUT_RETURN_TYPE = YES_ERROR;
				GCC_WARN_UNDECLARED_SELECTOR = YES;
				GCC_WARN_UNINITIALIZED_AUTOS = YES_AGGRESSIVE;
				GCC_WARN_UNUSED_FUNCTION = YES;
				GCC_WARN_UNUSED_VARIABLE = YES;
				IPHONEOS_DEPLOYMENT_TARGET = 11.2;
				MTL_ENABLE_DEBUG_INFO = YES;
				ONLY_ACTIVE_ARCH = YES;
				SDKROOT = iphoneos;
				SWIFT_ACTIVE_COMPILATION_CONDITIONS = DEBUG;
				SWIFT_OPTIMIZATION_LEVEL = "-Onone";
			};
			name = Debug;
		};
		423621F5209146D00005E038 /* Release */ = {
			isa = XCBuildConfiguration;
			buildSettings = {
				ALWAYS_SEARCH_USER_PATHS = NO;
				CLANG_ANALYZER_NONNULL = YES;
				CLANG_ANALYZER_NUMBER_OBJECT_CONVERSION = YES_AGGRESSIVE;
				CLANG_CXX_LANGUAGE_STANDARD = "gnu++14";
				CLANG_CXX_LIBRARY = "libc++";
				CLANG_ENABLE_MODULES = YES;
				CLANG_ENABLE_OBJC_ARC = YES;
				CLANG_WARN_BLOCK_CAPTURE_AUTORELEASING = YES;
				CLANG_WARN_BOOL_CONVERSION = YES;
				CLANG_WARN_COMMA = YES;
				CLANG_WARN_CONSTANT_CONVERSION = YES;
				CLANG_WARN_DIRECT_OBJC_ISA_USAGE = YES_ERROR;
				CLANG_WARN_DOCUMENTATION_COMMENTS = YES;
				CLANG_WARN_EMPTY_BODY = YES;
				CLANG_WARN_ENUM_CONVERSION = YES;
				CLANG_WARN_INFINITE_RECURSION = YES;
				CLANG_WARN_INT_CONVERSION = YES;
				CLANG_WARN_NON_LITERAL_NULL_CONVERSION = YES;
				CLANG_WARN_OBJC_LITERAL_CONVERSION = YES;
				CLANG_WARN_OBJC_ROOT_CLASS = YES_ERROR;
				CLANG_WARN_RANGE_LOOP_ANALYSIS = YES;
				CLANG_WARN_STRICT_PROTOTYPES = YES;
				CLANG_WARN_SUSPICIOUS_MOVE = YES;
				CLANG_WARN_UNGUARDED_AVAILABILITY = YES_AGGRESSIVE;
				CLANG_WARN_UNREACHABLE_CODE = YES;
				CLANG_WARN__DUPLICATE_METHOD_MATCH = YES;
				CODE_SIGN_IDENTITY = "iPhone Developer";
				COPY_PHASE_STRIP = NO;
				DEBUG_INFORMATION_FORMAT = "dwarf-with-dsym";
				ENABLE_NS_ASSERTIONS = NO;
				ENABLE_STRICT_OBJC_MSGSEND = YES;
				GCC_C_LANGUAGE_STANDARD = gnu11;
				GCC_NO_COMMON_BLOCKS = YES;
				GCC_WARN_64_TO_32_BIT_CONVERSION = YES;
				GCC_WARN_ABOUT_RETURN_TYPE = YES_ERROR;
				GCC_WARN_UNDECLARED_SELECTOR = YES;
				GCC_WARN_UNINITIALIZED_AUTOS = YES_AGGRESSIVE;
				GCC_WARN_UNUSED_FUNCTION = YES;
				GCC_WARN_UNUSED_VARIABLE = YES;
				IPHONEOS_DEPLOYMENT_TARGET = 11.2;
				MTL_ENABLE_DEBUG_INFO = NO;
				SDKROOT = iphoneos;
				SWIFT_OPTIMIZATION_LEVEL = "-Owholemodule";
				VALIDATE_PRODUCT = YES;
			};
			name = Release;
		};
		423621F7209146D00005E038 /* Debug */ = {
			isa = XCBuildConfiguration;
			buildSettings = {
				ASSETCATALOG_COMPILER_APPICON_NAME = AppIcon;
				CODE_SIGN_STYLE = Automatic;
				INFOPLIST_FILE = Collaboration/Info.plist;
				LD_RUNPATH_SEARCH_PATHS = "$(inherited) @executable_path/Frameworks";
				PRODUCT_BUNDLE_IDENTIFIER = au.edu.griffith.ict.prog.Collaboration;
				PRODUCT_NAME = "$(TARGET_NAME)";
				SWIFT_VERSION = 4.0;
				TARGETED_DEVICE_FAMILY = "1,2";
			};
			name = Debug;
		};
		423621F8209146D00005E038 /* Release */ = {
			isa = XCBuildConfiguration;
			buildSettings = {
				ASSETCATALOG_COMPILER_APPICON_NAME = AppIcon;
				CODE_SIGN_STYLE = Automatic;
				INFOPLIST_FILE = Collaboration/Info.plist;
				LD_RUNPATH_SEARCH_PATHS = "$(inherited) @executable_path/Frameworks";
				PRODUCT_BUNDLE_IDENTIFIER = au.edu.griffith.ict.prog.Collaboration;
				PRODUCT_NAME = "$(TARGET_NAME)";
				SWIFT_VERSION = 4.0;
				TARGETED_DEVICE_FAMILY = "1,2";
			};
			name = Release;
		};
		423621FA209146D00005E038 /* Debug */ = {
			isa = XCBuildConfiguration;
			buildSettings = {
				ALWAYS_EMBED_SWIFT_STANDARD_LIBRARIES = YES;
				BUNDLE_LOADER = "$(TEST_HOST)";
				CODE_SIGN_STYLE = Automatic;
				INFOPLIST_FILE = CollaborationTests/Info.plist;
				LD_RUNPATH_SEARCH_PATHS = "$(inherited) @executable_path/Frameworks @loader_path/Frameworks";
				PRODUCT_BUNDLE_IDENTIFIER = au.edu.griffith.ict.prog.CollaborationTests;
				PRODUCT_NAME = "$(TARGET_NAME)";
				SWIFT_VERSION = 4.0;
				TARGETED_DEVICE_FAMILY = "1,2";
				TEST_HOST = "$(BUILT_PRODUCTS_DIR)/Collaboration.app/Collaboration";
			};
			name = Debug;
		};
		423621FB209146D00005E038 /* Release */ = {
			isa = XCBuildConfiguration;
			buildSettings = {
				ALWAYS_EMBED_SWIFT_STANDARD_LIBRARIES = YES;
				BUNDLE_LOADER = "$(TEST_HOST)";
				CODE_SIGN_STYLE = Automatic;
				INFOPLIST_FILE = CollaborationTests/Info.plist;
				LD_RUNPATH_SEARCH_PATHS = "$(inherited) @executable_path/Frameworks @loader_path/Frameworks";
				PRODUCT_BUNDLE_IDENTIFIER = au.edu.griffith.ict.prog.CollaborationTests;
				PRODUCT_NAME = "$(TARGET_NAME)";
				SWIFT_VERSION = 4.0;
				TARGETED_DEVICE_FAMILY = "1,2";
				TEST_HOST = "$(BUILT_PRODUCTS_DIR)/Collaboration.app/Collaboration";
			};
			name = Release;
		};
		423621FD209146D00005E038 /* Debug */ = {
			isa = XCBuildConfiguration;
			buildSettings = {
				ALWAYS_EMBED_SWIFT_STANDARD_LIBRARIES = YES;
				CODE_SIGN_STYLE = Automatic;
				INFOPLIST_FILE = CollaborationUITests/Info.plist;
				LD_RUNPATH_SEARCH_PATHS = "$(inherited) @executable_path/Frameworks @loader_path/Frameworks";
				PRODUCT_BUNDLE_IDENTIFIER = au.edu.griffith.ict.prog.CollaborationUITests;
				PRODUCT_NAME = "$(TARGET_NAME)";
				SWIFT_VERSION = 4.0;
				TARGETED_DEVICE_FAMILY = "1,2";
				TEST_TARGET_NAME = Collaboration;
			};
			name = Debug;
		};
		423621FE209146D00005E038 /* Release */ = {
			isa = XCBuildConfiguration;
			buildSettings = {
				ALWAYS_EMBED_SWIFT_STANDARD_LIBRARIES = YES;
				CODE_SIGN_STYLE = Automatic;
				INFOPLIST_FILE = CollaborationUITests/Info.plist;
				LD_RUNPATH_SEARCH_PATHS = "$(inherited) @executable_path/Frameworks @loader_path/Frameworks";
				PRODUCT_BUNDLE_IDENTIFIER = au.edu.griffith.ict.prog.CollaborationUITests;
				PRODUCT_NAME = "$(TARGET_NAME)";
				SWIFT_VERSION = 4.0;
				TARGETED_DEVICE_FAMILY = "1,2";
				TEST_TARGET_NAME = Collaboration;
			};
			name = Release;
		};
/* End XCBuildConfiguration section */

/* Begin XCConfigurationList section */
		423621C7209146D00005E038 /* Build configuration list for PBXProject "Collaboration" */ = {
			isa = XCConfigurationList;
			buildConfigurations = (
				423621F4209146D00005E038 /* Debug */,
				423621F5209146D00005E038 /* Release */,
			);
			defaultConfigurationIsVisible = 0;
			defaultConfigurationName = Release;
		};
		423621F6209146D00005E038 /* Build configuration list for PBXNativeTarget "Collaboration" */ = {
			isa = XCConfigurationList;
			buildConfigurations = (
				423621F7209146D00005E038 /* Debug */,
				423621F8209146D00005E038 /* Release */,
			);
			defaultConfigurationIsVisible = 0;
			defaultConfigurationName = Release;
		};
		423621F9209146D00005E038 /* Build configuration list for PBXNativeTarget "CollaborationTests" */ = {
			isa = XCConfigurationList;
			buildConfigurations = (
				423621FA209146D00005E038 /* Debug */,
				423621FB209146D00005E038 /* Release */,
			);
			defaultConfigurationIsVisible = 0;
			defaultConfigurationName = Release;
		};
		423621FC209146D00005E038 /* Build configuration list for PBXNativeTarget "CollaborationUITests" */ = {
			isa = XCConfigurationList;
			buildConfigurations = (
				423621FD209146D00005E038 /* Debug */,
				423621FE209146D00005E038 /* Release */,
			);
			defaultConfigurationIsVisible = 0;
			defaultConfigurationName = Release;
		};
/* End XCConfigurationList section */
	};
	rootObject = 423621C4209146D00005E038 /* Project object */;
}
